{"1.1.0",
[{<<"base64url">>,{pkg,<<"base64url">>,<<"0.0.1">>},1},
 {<<"cowboy">>,{pkg,<<"cowboy">>,<<"2.7.0">>},0},
 {<<"cowlib">>,{pkg,<<"cowlib">>,<<"2.8.0">>},1},
 {<<"epgsql">>,{pkg,<<"epgsql">>,<<"4.3.0">>},0},
 {<<"episcina">>,{pkg,<<"episcina">>,<<"1.1.0">>},0},
 {<<"gproc">>,{pkg,<<"gproc">>,<<"0.3.1">>},1},
 {<<"jiffy">>,{pkg,<<"jiffy">>,<<"1.0.4">>},0},
 {<<"jsx">>,{pkg,<<"jsx">>,<<"2.8.3">>},1},
 {<<"jwt">>,{pkg,<<"jwt">>,<<"0.1.9">>},0},
 {<<"meck">>,{pkg,<<"meck">>,<<"0.8.13">>},0},
 {<<"pgapp">>,{pkg,<<"pgapp">>,<<"0.0.2">>},0},
 {<<"poolboy">>,{pkg,<<"poolboy">>,<<"1.5.2">>},1},
 {<<"pure_migrations">>,{pkg,<<"pure_migrations">>,<<"1.3.0">>},0},
 {<<"ranch">>,{pkg,<<"ranch">>,<<"1.7.1">>},1},
 {<<"uuid">>,{pkg,<<"uuid">>,<<"1.1.8">>},0}]}.
[
{pkg_hash,[
 {<<"base64url">>, <<"36A90125F5948E3AFD7BE97662A1504B934DD5DAC78451CA6E9ABF85A10286BE">>},
 {<<"cowboy">>, <<"91ED100138A764355F43316B1D23D7FF6BDB0DE4EA618CB5D8677C93A7A2F115">>},
 {<<"cowlib">>, <<"FD0FF1787DB84AC415B8211573E9A30A3EBE71B5CBFF7F720089972B2319C8A4">>},
 {<<"epgsql">>, <<"26D9CF04D74773D1DC4DA24AD39E926B34E107232591FE1866EFDFBC0A098396">>},
 {<<"episcina">>, <<"20E99B3DB3F349D9620FF1A245F6B4D52A5E2468571938BCBE7FB4FCF4870507">>},
 {<<"gproc">>, <<"EC14F40CB941BDE3F940DE59C11E59BEB2977E90DBAE72FAB3DDF77743FD4EA9">>},
 {<<"jiffy">>, <<"72ADEFF75C52A2FF07DE738F0813768ABE7CE158026CC1115A170340259C0CAA">>},
 {<<"jsx">>, <<"A05252D381885240744D955FBE3CF810504EB2567164824E19303EA59EEF62CF">>},
 {<<"jwt">>, <<"F5687B0168AE3AA1130E0068C38A7D256E622789BF4724578ADF99A7CE5531DC">>},
 {<<"meck">>, <<"FFEDB39F99B0B99703B8601C6F17C7F76313EE12DE6B646E671E3188401F7866">>},
 {<<"pgapp">>, <<"3E104BB777C8455D8B26D1538B67ABE0188EE97B1DF973FD936C2204CB316196">>},
 {<<"poolboy">>, <<"392B007A1693A64540CEAD79830443ABF5762F5D30CF50BC95CB2C1AAAFA006B">>},
 {<<"pure_migrations">>, <<"B758A62A9EDD6C1B40B668F4D6CE9E5588DBD4D99A4469BCE46BC7089B594AF7">>},
 {<<"ranch">>, <<"6B1FAB51B49196860B733A49C07604465A47BDB78AA10C1C16A3D199F7F8C881">>},
 {<<"uuid">>, <<"E22FC04499DE0DE3ED1116B770C7737779F226CEEFA0BADB3592E64D5CFB4EB9">>}]}
].
